
Microsoft Visual Studio Solution File, Format Version 12.00
# Visual Studio Version 16
VisualStudioVersion = 16.0.29215.179
MinimumVisualStudioVersion = 10.0.40219.1
Project("{9A19103F-16F7-4668-BE54-9A1E7A4F7556}") = "EcommerceAdmin", "EcommerceAdmin.csproj", "{4C752A37-65B2-49C5-B25C-2CF1A3971ADC}"
EndProject
Project("{9A19103F-16F7-4668-BE54-9A1E7A4F7556}") = "EcomDataProccess", "..\EcomDataProccess\EcomDataProccess.csproj", "{637062C1-BBA2-4145-8CB5-4F5C9774F618}"
EndProject
Project("{9A19103F-16F7-4668-BE54-9A1E7A4F7556}") = "SAPDataProcess", "..\SAPDataProcess\SAPDataProcess.csproj", "{A1C7B6C5-BB01-4136-AF0E-3E6F45B60AE9}"
EndProject
Global
	GlobalSection(SolutionConfigurationPlatforms) = preSolution
		Debug|Any CPU = Debug|Any CPU
		Release|Any CPU = Release|Any CPU
	EndGlobalSection
	GlobalSection(ProjectConfigurationPlatforms) = postSolution
		{4C752A37-65B2-49C5-B25C-2CF1A3971ADC}.Debug|Any CPU.ActiveCfg = Debug|Any CPU
		{4C752A37-65B2-49C5-B25C-2CF1A3971ADC}.Debug|Any CPU.Build.0 = Debug|Any CPU
		{4C752A37-65B2-49C5-B25C-2CF1A3971ADC}.Release|Any CPU.ActiveCfg = Release|Any CPU
		{4C752A37-65B2-49C5-B25C-2CF1A3971ADC}.Release|Any CPU.Build.0 = Release|Any CPU
		{637062C1-BBA2-4145-8CB5-4F5C9774F618}.Debug|Any CPU.ActiveCfg = Debug|Any CPU
		{637062C1-BBA2-4145-8CB5-4F5C9774F618}.Debug|Any CPU.Build.0 = Debug|Any CPU
		{637062C1-BBA2-4145-8CB5-4F5C9774F618}.Release|Any CPU.ActiveCfg = Release|Any CPU
		{637062C1-BBA2-4145-8CB5-4F5C9774F618}.Release|Any CPU.Build.0 = Release|Any CPU
		{A1C7B6C5-BB01-4136-AF0E-3E6F45B60AE9}.Debug|Any CPU.ActiveCfg = Debug|Any CPU
		{A1C7B6C5-BB01-4136-AF0E-3E6F45B60AE9}.Debug|Any CPU.Build.0 = Debug|Any CPU
		{A1C7B6C5-BB01-4136-AF0E-3E6F45B60AE9}.Release|Any CPU.ActiveCfg = Release|Any CPU
		{A1C7B6C5-BB01-4136-AF0E-3E6F45B60AE9}.Release|Any CPU.Build.0 = Release|Any CPU
	EndGlobalSection
	GlobalSection(SolutionProperties) = preSolution
		HideSolutionNode = FALSE
	EndGlobalSection
	GlobalSection(ExtensibilityGlobals) = postSolution
		SolutionGuid = {1A78C92A-5F88-48ED-A239-661B1876A6ED}
	EndGlobalSection
EndGlobal
