
Microsoft Visual Studio Solution File, Format Version 12.00
# Visual Studio Version 16
VisualStudioVersion = 16.0.29215.179
MinimumVisualStudioVersion = 10.0.40219.1
Project("{FAE04EC0-301F-11D3-BF4B-00C04F79EFBC}") = "EcommerceSAP", "EcommerceSAP.csproj", "{B95666A3-3313-4C49-879C-3DCA4F382118}"
EndProject
Project("{FAE04EC0-301F-11D3-BF4B-00C04F79EFBC}") = "SAPDataProcess", "..\SAPDataProcess\SAPDataProcess.csproj", "{F290B770-6D4E-43BC-8F05-3E5869A73A78}"
EndProject
Global
	GlobalSection(SolutionConfigurationPlatforms) = preSolution
		Debug|Any CPU = Debug|Any CPU
		Release|Any CPU = Release|Any CPU
	EndGlobalSection
	GlobalSection(ProjectConfigurationPlatforms) = postSolution
		{B95666A3-3313-4C49-879C-3DCA4F382118}.Debug|Any CPU.ActiveCfg = Debug|Any CPU
		{B95666A3-3313-4C49-879C-3DCA4F382118}.Debug|Any CPU.Build.0 = Debug|Any CPU
		{B95666A3-3313-4C49-879C-3DCA4F382118}.Release|Any CPU.ActiveCfg = Release|Any CPU
		{B95666A3-3313-4C49-879C-3DCA4F382118}.Release|Any CPU.Build.0 = Release|Any CPU
		{F290B770-6D4E-43BC-8F05-3E5869A73A78}.Debug|Any CPU.ActiveCfg = Debug|Any CPU
		{F290B770-6D4E-43BC-8F05-3E5869A73A78}.Debug|Any CPU.Build.0 = Debug|Any CPU
		{F290B770-6D4E-43BC-8F05-3E5869A73A78}.Release|Any CPU.ActiveCfg = Release|Any CPU
		{F290B770-6D4E-43BC-8F05-3E5869A73A78}.Release|Any CPU.Build.0 = Release|Any CPU
	EndGlobalSection
	GlobalSection(SolutionProperties) = preSolution
		HideSolutionNode = FALSE
	EndGlobalSection
	GlobalSection(ExtensibilityGlobals) = postSolution
		SolutionGuid = {7723AAB8-0C50-42A1-9AB3-A303521E9078}
	EndGlobalSection
EndGlobal
