
Microsoft Visual Studio Solution File, Format Version 12.00
# Visual Studio Version 16
VisualStudioVersion = 16.0.30413.136
MinimumVisualStudioVersion = 10.0.40219.1
Project("{FAE04EC0-301F-11D3-BF4B-00C04F79EFBC}") = "EcommerceFibremexApi", "EcommerceFibremexApi.csproj", "{D1B033E7-B9D5-4E64-B6DC-1932998A511B}"
EndProject
Project("{FAE04EC0-301F-11D3-BF4B-00C04F79EFBC}") = "DbManagerDark", "..\DbManagerDark\DbManagerDark.csproj", "{21431576-74FB-46F3-BCF7-6404451C0DB5}"
EndProject
Project("{FAE04EC0-301F-11D3-BF4B-00C04F79EFBC}") = "EcommerceApiLogic", "..\EcommerceApiLogic\EcommerceApiLogic.csproj", "{7464D282-907B-4F3D-98DA-844AC22C5878}"
EndProject
Global
	GlobalSection(SolutionConfigurationPlatforms) = preSolution
		Debug|Any CPU = Debug|Any CPU
		Release|Any CPU = Release|Any CPU
	EndGlobalSection
	GlobalSection(ProjectConfigurationPlatforms) = postSolution
		{D1B033E7-B9D5-4E64-B6DC-1932998A511B}.Debug|Any CPU.ActiveCfg = Debug|Any CPU
		{D1B033E7-B9D5-4E64-B6DC-1932998A511B}.Debug|Any CPU.Build.0 = Debug|Any CPU
		{D1B033E7-B9D5-4E64-B6DC-1932998A511B}.Release|Any CPU.ActiveCfg = Release|Any CPU
		{D1B033E7-B9D5-4E64-B6DC-1932998A511B}.Release|Any CPU.Build.0 = Release|Any CPU
		{21431576-74FB-46F3-BCF7-6404451C0DB5}.Debug|Any CPU.ActiveCfg = Debug|Any CPU
		{21431576-74FB-46F3-BCF7-6404451C0DB5}.Debug|Any CPU.Build.0 = Debug|Any CPU
		{21431576-74FB-46F3-BCF7-6404451C0DB5}.Release|Any CPU.ActiveCfg = Release|Any CPU
		{21431576-74FB-46F3-BCF7-6404451C0DB5}.Release|Any CPU.Build.0 = Release|Any CPU
		{7464D282-907B-4F3D-98DA-844AC22C5878}.Debug|Any CPU.ActiveCfg = Debug|Any CPU
		{7464D282-907B-4F3D-98DA-844AC22C5878}.Debug|Any CPU.Build.0 = Debug|Any CPU
		{7464D282-907B-4F3D-98DA-844AC22C5878}.Release|Any CPU.ActiveCfg = Release|Any CPU
		{7464D282-907B-4F3D-98DA-844AC22C5878}.Release|Any CPU.Build.0 = Release|Any CPU
	EndGlobalSection
	GlobalSection(SolutionProperties) = preSolution
		HideSolutionNode = FALSE
	EndGlobalSection
	GlobalSection(ExtensibilityGlobals) = postSolution
		SolutionGuid = {E7BC1C48-F86D-4B8D-BC17-8DBF9FC30082}
	EndGlobalSection
EndGlobal
